// !$*UTF8*$!
{
	archiveVersion = 1;
	classes = {
	};
	objectVersion = 55;
	objects = {

/* Begin PBXBuildFile section */
		B4FFA2C12819877D00ED3F98 /* TabViewTestingApp.swift in Sources */ = {isa = PBXBuildFile; fileRef = B4FFA2C02819877D00ED3F98 /* TabViewTestingApp.swift */; };
		B4FFA2C32819877D00ED3F98 /* ContentView.swift in Sources */ = {isa = PBXBuildFile; fileRef = B4FFA2C22819877D00ED3F98 /* ContentView.swift */; };
		B4FFA2C52819877E00ED3F98 /* Assets.xcassets in Resources */ = {isa = PBXBuildFile; fileRef = B4FFA2C42819877E00ED3F98 /* Assets.xcassets */; };
		B4FFA2C82819877E00ED3F98 /* Preview Assets.xcassets in Resources */ = {isa = PBXBuildFile; fileRef = B4FFA2C72819877E00ED3F98 /* Preview Assets.xcassets */; };
		B4FFA2CA2819877E00ED3F98 /* Persistence.swift in Sources */ = {isa = PBXBuildFile; fileRef = B4FFA2C92819877E00ED3F98 /* Persistence.swift */; };
		B4FFA2CD2819877E00ED3F98 /* TabViewTesting.xcdatamodeld in Sources */ = {isa = PBXBuildFile; fileRef = B4FFA2CB2819877E00ED3F98 /* TabViewTesting.xcdatamodeld */; };
		B4FFA2D4281987AA00ED3F98 /* TextView.swift in Sources */ = {isa = PBXBuildFile; fileRef = B4FFA2D3281987AA00ED3F98 /* TextView.swift */; };
		B4FFA2D628199DCF00ED3F98 /* TextViewModel.swift in Sources */ = {isa = PBXBuildFile; fileRef = B4FFA2D528199DCF00ED3F98 /* TextViewModel.swift */; };
/* End PBXBuildFile section */

/* Begin PBXFileReference section */
		B4FFA2BD2819877D00ED3F98 /* TabViewTesting.app */ = {isa = PBXFileReference; explicitFileType = wrapper.application; includeInIndex = 0; path = TabViewTesting.app; sourceTree = BUILT_PRODUCTS_DIR; };
		B4FFA2C02819877D00ED3F98 /* TabViewTestingApp.swift */ = {isa = PBXFileReference; lastKnownFileType = sourcecode.swift; path = TabViewTestingApp.swift; sourceTree = "<group>"; };
		B4FFA2C22819877D00ED3F98 /* ContentView.swift */ = {isa = PBXFileReference; lastKnownFileType = sourcecode.swift; path = ContentView.swift; sourceTree = "<group>"; };
		B4FFA2C42819877E00ED3F98 /* Assets.xcassets */ = {isa = PBXFileReference; lastKnownFileType = folder.assetcatalog; path = Assets.xcassets; sourceTree = "<group>"; };
		B4FFA2C72819877E00ED3F98 /* Preview Assets.xcassets */ = {isa = PBXFileReference; lastKnownFileType = folder.assetcatalog; path = "Preview Assets.xcassets"; sourceTree = "<group>"; };
		B4FFA2C92819877E00ED3F98 /* Persistence.swift */ = {isa = PBXFileReference; lastKnownFileType = sourcecode.swift; path = Persistence.swift; sourceTree = "<group>"; };
		B4FFA2CC2819877E00ED3F98 /* TabViewTesting.xcdatamodel */ = {isa = PBXFileReference; lastKnownFileType = wrapper.xcdatamodel; path = TabViewTesting.xcdatamodel; sourceTree = "<group>"; };
		B4FFA2D3281987AA00ED3F98 /* TextView.swift */ = {isa = PBXFileReference; lastKnownFileType = sourcecode.swift; path = TextView.swift; sourceTree = "<group>"; };
		B4FFA2D528199DCF00ED3F98 /* TextViewModel.swift */ = {isa = PBXFileReference; lastKnownFileType = sourcecode.swift; path = TextViewModel.swift; sourceTree = "<group>"; };
/* End PBXFileReference section */

/* Begin PBXFrameworksBuildPhase section */
		B4FFA2BA2819877D00ED3F98 /* Frameworks */ = {
			isa = PBXFrameworksBuildPhase;
			buildActionMask = 2147483647;
			files = (
			);
			runOnlyForDeploymentPostprocessing = 0;
		};
/* End PBXFrameworksBuildPhase section */

/* Begin PBXGroup section */
		B4FFA2B42819877D00ED3F98 = {
			isa = PBXGroup;
			children = (
				B4FFA2BF2819877D00ED3F98 /* TabViewTesting */,
				B4FFA2BE2819877D00ED3F98 /* Products */,
			);
			sourceTree = "<group>";
		};
		B4FFA2BE2819877D00ED3F98 /* Products */ = {
			isa = PBXGroup;
			children = (
				B4FFA2BD2819877D00ED3F98 /* TabViewTesting.app */,
			);
			name = Products;
			sourceTree = "<group>";
		};
		B4FFA2BF2819877D00ED3F98 /* TabViewTesting */ = {
			isa = PBXGroup;
			children = (
				B4FFA2C02819877D00ED3F98 /* TabViewTestingApp.swift */,
				B4FFA2C22819877D00ED3F98 /* ContentView.swift */,
				B4FFA2D3281987AA00ED3F98 /* TextView.swift */,
				B4FFA2D528199DCF00ED3F98 /* TextViewModel.swift */,
				B4FFA2C42819877E00ED3F98 /* Assets.xcassets */,
				B4FFA2C92819877E00ED3F98 /* Persistence.swift */,
				B4FFA2CB2819877E00ED3F98 /* TabViewTesting.xcdatamodeld */,
				B4FFA2C62819877E00ED3F98 /* Preview Content */,
			);
			path = TabViewTesting;
			sourceTree = "<group>";
		};
		B4FFA2C62819877E00ED3F98 /* Preview Content */ = {
			isa = PBXGroup;
			children = (
				B4FFA2C72819877E00ED3F98 /* Preview Assets.xcassets */,
			);
			path = "Preview Content";
			sourceTree = "<group>";
		};
/* End PBXGroup section */

/* Begin PBXNativeTarget section */
		B4FFA2BC2819877D00ED3F98 /* TabViewTesting */ = {
			isa = PBXNativeTarget;
			buildConfigurationList = B4FFA2D02819877E00ED3F98 /* Build configuration list for PBXNativeTarget "TabViewTesting" */;
			buildPhases = (
				B4FFA2B92819877D00ED3F98 /* Sources */,
				B4FFA2BA2819877D00ED3F98 /* Frameworks */,
				B4FFA2BB2819877D00ED3F98 /* Resources */,
			);
			buildRules = (
			);
			dependencies = (
			);
			name = TabViewTesting;
			productName = TabViewTesting;
			productReference = B4FFA2BD2819877D00ED3F98 /* TabViewTesting.app */;
			productType = "com.apple.product-type.application";
		};
/* End PBXNativeTarget section */

/* Begin PBXProject section */
		B4FFA2B52819877D00ED3F98 /* Project object */ = {
			isa = PBXProject;
			attributes = {
				BuildIndependentTargetsInParallel = 1;
				LastSwiftUpdateCheck = 1330;
				LastUpgradeCheck = 1330;
				TargetAttributes = {
					B4FFA2BC2819877D00ED3F98 = {
						CreatedOnToolsVersion = 13.3.1;
					};
				};
			};
			buildConfigurationList = B4FFA2B82819877D00ED3F98 /* Build configuration list for PBXProject "TabViewTesting" */;
			compatibilityVersion = "Xcode 13.0";
			developmentRegion = en;
			hasScannedForEncodings = 0;
			knownRegions = (
				en,
				Base,
			);
			mainGroup = B4FFA2B42819877D00ED3F98;
			productRefGroup = B4FFA2BE2819877D00ED3F98 /* Products */;
			projectDirPath = "";
			projectRoot = "";
			targets = (
				B4FFA2BC2819877D00ED3F98 /* TabViewTesting */,
			);
		};
/* End PBXProject section */

/* Begin PBXResourcesBuildPhase section */
		B4FFA2BB2819877D00ED3F98 /* Resources */ = {
			isa = PBXResourcesBuildPhase;
			buildActionMask = 2147483647;
			files = (
				B4FFA2C82819877E00ED3F98 /* Preview Assets.xcassets in Resources */,
				B4FFA2C52819877E00ED3F98 /* Assets.xcassets in Resources */,
			);
			runOnlyForDeploymentPostprocessing = 0;
		};
/* End PBXResourcesBuildPhase section */

/* Begin PBXSourcesBuildPhase section */
		B4FFA2B92819877D00ED3F98 /* Sources */ = {
			isa = PBXSourcesBuildPhase;
			buildActionMask = 2147483647;
			files = (
				B4FFA2CA2819877E00ED3F98 /* Persistence.swift in Sources */,
				B4FFA2C32819877D00ED3F98 /* ContentView.swift in Sources */,
				B4FFA2C12819877D00ED3F98 /* TabViewTestingApp.swift in Sources */,
				B4FFA2D628199DCF00ED3F98 /* TextViewModel.swift in Sources */,
				B4FFA2CD2819877E00ED3F98 /* TabViewTesting.xcdatamodeld in Sources */,
				B4FFA2D4281987AA00ED3F98 /* TextView.swift in Sources */,
			);
			runOnlyForDeploymentPostprocessing = 0;
		};
/* End PBXSourcesBuildPhase section */

/* Begin XCBuildConfiguration section */
		B4FFA2CE2819877E00ED3F98 /* Debug */ = {
			isa = XCBuildConfiguration;
			buildSettings = {
				ALWAYS_SEARCH_USER_PATHS = NO;
				CLANG_ANALYZER_NONNULL = YES;
				CLANG_ANALYZER_NUMBER_OBJECT_CONVERSION = YES_AGGRESSIVE;
				CLANG_CXX_LANGUAGE_STANDARD = "gnu++17";
				CLANG_ENABLE_MODULES = YES;
				CLANG_ENABLE_OBJC_ARC = YES;
				CLANG_ENABLE_OBJC_WEAK = YES;
				CLANG_WARN_BLOCK_CAPTURE_AUTORELEASING = YES;
				CLANG_WARN_BOOL_CONVERSION = YES;
				CLANG_WARN_COMMA = YES;
				CLANG_WARN_CONSTANT_CONVERSION = YES;
				CLANG_WARN_DEPRECATED_OBJC_IMPLEMENTATIONS = YES;
				CLANG_WARN_DIRECT_OBJC_ISA_USAGE = YES_ERROR;
				CLANG_WARN_DOCUMENTATION_COMMENTS = YES;
				CLANG_WARN_EMPTY_BODY = YES;
				CLANG_WARN_ENUM_CONVERSION = YES;
				CLANG_WARN_INFINITE_RECURSION = YES;
				CLANG_WARN_INT_CONVERSION = YES;
				CLANG_WARN_NON_LITERAL_NULL_CONVERSION = YES;
				CLANG_WARN_OBJC_IMPLICIT_RETAIN_SELF = YES;
				CLANG_WARN_OBJC_LITERAL_CONVERSION = YES;
				CLANG_WARN_OBJC_ROOT_CLASS = YES_ERROR;
				CLANG_WARN_QUOTED_INCLUDE_IN_FRAMEWORK_HEADER = YES;
				CLANG_WARN_RANGE_LOOP_ANALYSIS = YES;
				CLANG_WARN_STRICT_PROTOTYPES = YES;
				CLANG_WARN_SUSPICIOUS_MOVE = YES;
				CLANG_WARN_UNGUARDED_AVAILABILITY = YES_AGGRESSIVE;
				CLANG_WARN_UNREACHABLE_CODE = YES;
				CLANG_WARN__DUPLICATE_METHOD_MATCH = YES;
				COPY_PHASE_STRIP = NO;
				DEBUG_INFORMATION_FORMAT = dwarf;
				ENABLE_STRICT_OBJC_MSGSEND = YES;
				ENABLE_TESTABILITY = YES;
				GCC_C_LANGUAGE_STANDARD = gnu11;
				GCC_DYNAMIC_NO_PIC = NO;
				GCC_NO_COMMON_BLOCKS = YES;
				GCC_OPTIMIZATION_LEVEL = 0;
				GCC_PREPROCESSOR_DEFINITIONS = (
					"DEBUG=1",
					"$(inherited)",
				);
				GCC_WARN_64_TO_32_BIT_CONVERSION = YES;
				GCC_WARN_ABOUT_RETURN_TYPE = YES_ERROR;
				GCC_WARN_UNDECLARED_SELECTOR = YES;
				GCC_WARN_UNINITIALIZED_AUTOS = YES_AGGRESSIVE;
				GCC_WARN_UNUSED_FUNCTION = YES;
				GCC_WARN_UNUSED_VARIABLE = YES;
				IPHONEOS_DEPLOYMENT_TARGET = 15.4;
				MTL_ENABLE_DEBUG_INFO = INCLUDE_SOURCE;
				MTL_FAST_MATH = YES;
				ONLY_ACTIVE_ARCH = YES;
				SDKROOT = iphoneos;
				SWIFT_ACTIVE_COMPILATION_CONDITIONS = DEBUG;
				SWIFT_OPTIMIZATION_LEVEL = "-Onone";
			};
			name = Debug;
		};
		B4FFA2CF2819877E00ED3F98 /* Release */ = {
			isa = XCBuildConfiguration;
			buildSettings = {
				ALWAYS_SEARCH_USER_PATHS = NO;
				CLANG_ANALYZER_NONNULL = YES;
				CLANG_ANALYZER_NUMBER_OBJECT_CONVERSION = YES_AGGRESSIVE;
				CLANG_CXX_LANGUAGE_STANDARD = "gnu++17";
				CLANG_ENABLE_MODULES = YES;
				CLANG_ENABLE_OBJC_ARC = YES;
				CLANG_ENABLE_OBJC_WEAK = YES;
				CLANG_WARN_BLOCK_CAPTURE_AUTORELEASING = YES;
				CLANG_WARN_BOOL_CONVERSION = YES;
				CLANG_WARN_COMMA = YES;
				CLANG_WARN_CONSTANT_CONVERSION = YES;
				CLANG_WARN_DEPRECATED_OBJC_IMPLEMENTATIONS = YES;
				CLANG_WARN_DIRECT_OBJC_ISA_USAGE = YES_ERROR;
				CLANG_WARN_DOCUMENTATION_COMMENTS = YES;
				CLANG_WARN_EMPTY_BODY = YES;
				CLANG_WARN_ENUM_CONVERSION = YES;
				CLANG_WARN_INFINITE_RECURSION = YES;
				CLANG_WARN_INT_CONVERSION = YES;
				CLANG_WARN_NON_LITERAL_NULL_CONVERSION = YES;
				CLANG_WARN_OBJC_IMPLICIT_RETAIN_SELF = YES;
				CLANG_WARN_OBJC_LITERAL_CONVERSION = YES;
				CLANG_WARN_OBJC_ROOT_CLASS = YES_ERROR;
				CLANG_WARN_QUOTED_INCLUDE_IN_FRAMEWORK_HEADER = YES;
				CLANG_WARN_RANGE_LOOP_ANALYSIS = YES;
				CLANG_WARN_STRICT_PROTOTYPES = YES;
				CLANG_WARN_SUSPICIOUS_MOVE = YES;
				CLANG_WARN_UNGUARDED_AVAILABILITY = YES_AGGRESSIVE;
				CLANG_WARN_UNREACHABLE_CODE = YES;
				CLANG_WARN__DUPLICATE_METHOD_MATCH = YES;
				COPY_PHASE_STRIP = NO;
				DEBUG_INFORMATION_FORMAT = "dwarf-with-dsym";
				ENABLE_NS_ASSERTIONS = NO;
				ENABLE_STRICT_OBJC_MSGSEND = YES;
				GCC_C_LANGUAGE_STANDARD = gnu11;
				GCC_NO_COMMON_BLOCKS = YES;
				GCC_WARN_64_TO_32_BIT_CONVERSION = YES;
				GCC_WARN_ABOUT_RETURN_TYPE = YES_ERROR;
				GCC_WARN_UNDECLARED_SELECTOR = YES;
				GCC_WARN_UNINITIALIZED_AUTOS = YES_AGGRESSIVE;
				GCC_WARN_UNUSED_FUNCTION = YES;
				GCC_WARN_UNUSED_VARIABLE = YES;
				IPHONEOS_DEPLOYMENT_TARGET = 15.4;
				MTL_ENABLE_DEBUG_INFO = NO;
				MTL_FAST_MATH = YES;
				SDKROOT = iphoneos;
				SWIFT_COMPILATION_MODE = wholemodule;
				SWIFT_OPTIMIZATION_LEVEL = "-O";
				VALIDATE_PRODUCT = YES;
			};
			name = Release;
		};
		B4FFA2D12819877E00ED3F98 /* Debug */ = {
			isa = XCBuildConfiguration;
			buildSettings = {
				ASSETCATALOG_COMPILER_APPICON_NAME = AppIcon;
				ASSETCATALOG_COMPILER_GLOBAL_ACCENT_COLOR_NAME = AccentColor;
				CODE_SIGN_STYLE = Automatic;
				CURRENT_PROJECT_VERSION = 1;
				DEVELOPMENT_ASSET_PATHS = "\"TabViewTesting/Preview Content\"";
				DEVELOPMENT_TEAM = G4C2422J87;
				ENABLE_PREVIEWS = YES;
				GENERATE_INFOPLIST_FILE = YES;
				INFOPLIST_KEY_UIApplicationSceneManifest_Generation = YES;
				INFOPLIST_KEY_UIApplicationSupportsIndirectInputEvents = YES;
				INFOPLIST_KEY_UILaunchScreen_Generation = YES;
				INFOPLIST_KEY_UISupportedInterfaceOrientations_iPad = "UIInterfaceOrientationPortrait UIInterfaceOrientationPortraitUpsideDown UIInterfaceOrientationLandscapeLeft UIInterfaceOrientationLandscapeRight";
				INFOPLIST_KEY_UISupportedInterfaceOrientations_iPhone = "UIInterfaceOrientationPortrait UIInterfaceOrientationLandscapeLeft UIInterfaceOrientationLandscapeRight";
				LD_RUNPATH_SEARCH_PATHS = (
					"$(inherited)",
					"@executable_path/Frameworks",
				);
				MARKETING_VERSION = 1.0;
				PRODUCT_BUNDLE_IDENTIFIER = dfa.TabViewTesting;
				PRODUCT_NAME = "$(TARGET_NAME)";
				SWIFT_EMIT_LOC_STRINGS = YES;
				SWIFT_VERSION = 5.0;
				TARGETED_DEVICE_FAMILY = "1,2";
			};
			name = Debug;
		};
		B4FFA2D22819877E00ED3F98 /* Release */ = {
			isa = XCBuildConfiguration;
			buildSettings = {
				ASSETCATALOG_COMPILER_APPICON_NAME = AppIcon;
				ASSETCATALOG_COMPILER_GLOBAL_ACCENT_COLOR_NAME = AccentColor;
				CODE_SIGN_STYLE = Automatic;
				CURRENT_PROJECT_VERSION = 1;
				DEVELOPMENT_ASSET_PATHS = "\"TabViewTesting/Preview Content\"";
				DEVELOPMENT_TEAM = G4C2422J87;
				ENABLE_PREVIEWS = YES;
				GENERATE_INFOPLIST_FILE = YES;
				INFOPLIST_KEY_UIApplicationSceneManifest_Generation = YES;
				INFOPLIST_KEY_UIApplicationSupportsIndirectInputEvents = YES;
				INFOPLIST_KEY_UILaunchScreen_Generation = YES;
				INFOPLIST_KEY_UISupportedInterfaceOrientations_iPad = "UIInterfaceOrientationPortrait UIInterfaceOrientationPortraitUpsideDown UIInterfaceOrientationLandscapeLeft UIInterfaceOrientationLandscapeRight";
				INFOPLIST_KEY_UISupportedInterfaceOrientations_iPhone = "UIInterfaceOrientationPortrait UIInterfaceOrientationLandscapeLeft UIInterfaceOrientationLandscapeRight";
				LD_RUNPATH_SEARCH_PATHS = (
					"$(inherited)",
					"@executable_path/Frameworks",
				);
				MARKETING_VERSION = 1.0;
				PRODUCT_BUNDLE_IDENTIFIER = dfa.TabViewTesting;
				PRODUCT_NAME = "$(TARGET_NAME)";
				SWIFT_EMIT_LOC_STRINGS = YES;
				SWIFT_VERSION = 5.0;
				TARGETED_DEVICE_FAMILY = "1,2";
			};
			name = Release;
		};
/* End XCBuildConfiguration section */

/* Begin XCConfigurationList section */
		B4FFA2B82819877D00ED3F98 /* Build configuration list for PBXProject "TabViewTesting" */ = {
			isa = XCConfigurationList;
			buildConfigurations = (
				B4FFA2CE2819877E00ED3F98 /* Debug */,
				B4FFA2CF2819877E00ED3F98 /* Release */,
			);
			defaultConfigurationIsVisible = 0;
			defaultConfigurationName = Release;
		};
		B4FFA2D02819877E00ED3F98 /* Build configuration list for PBXNativeTarget "TabViewTesting" */ = {
			isa = XCConfigurationList;
			buildConfigurations = (
				B4FFA2D12819877E00ED3F98 /* Debug */,
				B4FFA2D22819877E00ED3F98 /* Release */,
			);
			defaultConfigurationIsVisible = 0;
			defaultConfigurationName = Release;
		};
/* End XCConfigurationList section */

/* Begin XCVersionGroup section */
		B4FFA2CB2819877E00ED3F98 /* TabViewTesting.xcdatamodeld */ = {
			isa = XCVersionGroup;
			children = (
				B4FFA2CC2819877E00ED3F98 /* TabViewTesting.xcdatamodel */,
			);
			currentVersion = B4FFA2CC2819877E00ED3F98 /* TabViewTesting.xcdatamodel */;
			path = TabViewTesting.xcdatamodeld;
			sourceTree = "<group>";
			versionGroupType = wrapper.xcdatamodel;
		};
/* End XCVersionGroup section */
	};
	rootObject = B4FFA2B52819877D00ED3F98 /* Project object */;
}
